
Microsoft Visual Studio Solution File, Format Version 12.00
# Visual Studio Version 17
VisualStudioVersion = 17.5.002.0
MinimumVisualStudioVersion = 10.0.40219.1
Project("{9A19103F-16F7-4668-BE54-9A1E7A4F7556}") = "05_higher-lower", "05_higher-lower.csproj", "{14BA4EBD-3423-4C43-AFDD-6A7CC2703791}"
EndProject
Global
	GlobalSection(SolutionConfigurationPlatforms) = preSolution
		Debug|Any CPU = Debug|Any CPU
		Release|Any CPU = Release|Any CPU
	EndGlobalSection
	GlobalSection(ProjectConfigurationPlatforms) = postSolution
		{14BA4EBD-3423-4C43-AFDD-6A7CC2703791}.Debug|Any CPU.ActiveCfg = Debug|Any CPU
		{14BA4EBD-3423-4C43-AFDD-6A7CC2703791}.Debug|Any CPU.Build.0 = Debug|Any CPU
		{14BA4EBD-3423-4C43-AFDD-6A7CC2703791}.Release|Any CPU.ActiveCfg = Release|Any CPU
		{14BA4EBD-3423-4C43-AFDD-6A7CC2703791}.Release|Any CPU.Build.0 = Release|Any CPU
	EndGlobalSection
	GlobalSection(SolutionProperties) = preSolution
		HideSolutionNode = FALSE
	EndGlobalSection
	GlobalSection(ExtensibilityGlobals) = postSolution
		SolutionGuid = {489321B7-9C75-4D64-97C8-AC924681F43B}
	EndGlobalSection
EndGlobal
